
Microsoft Visual Studio Solution File, Format Version 12.00
# Visual Studio 2013
VisualStudioVersion = 12.0.30324.0
MinimumVisualStudioVersion = 10.0.40219.1
Project("{8BC9CEB8-8B4A-11D0-8D11-00A0C91BC942}") = "avcodec_sample", "ffmpeg_console\ffmpeg_console.vcxproj", "{FB9AA132-6F03-4AA3-B6D3-BFDAA8499188}"
EndProject
Project("{8BC9CEB8-8B4A-11D0-8D11-00A0C91BC942}") = "ffmpeg_player", "ffmpeg_player\ffmpeg_player.vcxproj", "{924E5C23-AEEA-4608-B946-52A6C9F985DB}"
EndProject
Project("{8BC9CEB8-8B4A-11D0-8D11-00A0C91BC942}") = "ffmpeg_transcoding", "ffmpeg_transcoding\ffmpeg_transcoding.vcxproj", "{41465E53-4ADC-4953-A00D-EC0555352238}"
EndProject
Global
	GlobalSection(SolutionConfigurationPlatforms) = preSolution
		Debug|Win32 = Debug|Win32
		Release|Win32 = Release|Win32
	EndGlobalSection
	GlobalSection(ProjectConfigurationPlatforms) = postSolution
		{FB9AA132-6F03-4AA3-B6D3-BFDAA8499188}.Debug|Win32.ActiveCfg = Debug|Win32
		{FB9AA132-6F03-4AA3-B6D3-BFDAA8499188}.Debug|Win32.Build.0 = Debug|Win32
		{FB9AA132-6F03-4AA3-B6D3-BFDAA8499188}.Release|Win32.ActiveCfg = Release|Win32
		{FB9AA132-6F03-4AA3-B6D3-BFDAA8499188}.Release|Win32.Build.0 = Release|Win32
		{924E5C23-AEEA-4608-B946-52A6C9F985DB}.Debug|Win32.ActiveCfg = Debug|Win32
		{924E5C23-AEEA-4608-B946-52A6C9F985DB}.Debug|Win32.Build.0 = Debug|Win32
		{924E5C23-AEEA-4608-B946-52A6C9F985DB}.Release|Win32.ActiveCfg = Release|Win32
		{924E5C23-AEEA-4608-B946-52A6C9F985DB}.Release|Win32.Build.0 = Release|Win32
		{41465E53-4ADC-4953-A00D-EC0555352238}.Debug|Win32.ActiveCfg = Debug|Win32
		{41465E53-4ADC-4953-A00D-EC0555352238}.Debug|Win32.Build.0 = Debug|Win32
		{41465E53-4ADC-4953-A00D-EC0555352238}.Release|Win32.ActiveCfg = Release|Win32
		{41465E53-4ADC-4953-A00D-EC0555352238}.Release|Win32.Build.0 = Release|Win32
	EndGlobalSection
	GlobalSection(SolutionProperties) = preSolution
		HideSolutionNode = FALSE
	EndGlobalSection
EndGlobal
